PODS:
  - Colours (5.13.0):
    - Colours/ObjC (= 5.13.0)
  - Colours/ObjC (5.13.0)
  - ReactiveObjC (3.1.0)
  - SDWebImage (5.0.1):
    - SDWebImage/Core (= 5.0.1)
  - SDWebImage/Core (5.0.1)
  - YBImageBrowser (2.1.7):
    - SDWebImage (~> 5.0.0)
    - YYImage
  - YYImage (1.0.4):
    - YYImage/Core (= 1.0.4)
  - YYImage/Core (1.0.4)

DEPENDENCIES:
  - Colours
  - ReactiveObjC (~> 3.1.0)
  - SDWebImage (~> 5.0)
  - YBImageBrowser

SPEC REPOS:
  https://github.com/cocoapods/specs.git:
    - Colours
    - ReactiveObjC
    - SDWebImage
    - YBImageBrowser
    - YYImage

SPEC CHECKSUMS:
  Colours: f24220c38f13deac88612667e9b4a7fb96b871d4
  ReactiveObjC: 2a38ea15335de4119d8b17caf1db1484f61db902
  SDWebImage: 27dd2c9ea07a2252f94557c9fbb6105ee94b74c9
  YBImageBrowser: 26bb62ae7ba7fef423085d431637d16fb58a6cbd
  YYImage: 1e1b62a9997399593e4b9c4ecfbbabbf1d3f3b54

PODFILE CHECKSUM: 1aec40c8444dc119767f72a5b7824d1cbc81692a

COCOAPODS: 1.6.1
