// !$*UTF8*$!
{
	archiveVersion = 1;
	classes = {
	};
	objectVersion = 50;
	objects = {

/* Begin PBXBuildFile section */
		24ED0A27227B602E00F9814A /* LoginViewController.m in Sources */ = {isa = PBXBuildFile; fileRef = 24ED0A1A227B602E00F9814A /* LoginViewController.m */; };
		24ED0A28227B602E00F9814A /* UserInfoViewController.m in Sources */ = {isa = PBXBuildFile; fileRef = 24ED0A1D227B602E00F9814A /* UserInfoViewController.m */; };
		24ED0A2A227B602E00F9814A /* SignupViewController.m in Sources */ = {isa = PBXBuildFile; fileRef = 24ED0A20227B602E00F9814A /* SignupViewController.m */; };
		24ED0A2B227B602E00F9814A /* ListViewController.m in Sources */ = {isa = PBXBuildFile; fileRef = 24ED0A23227B602E00F9814A /* ListViewController.m */; };
		24ED0A2C227B602E00F9814A /* UserTarBarViewController.m in Sources */ = {isa = PBXBuildFile; fileRef = 24ED0A26227B602E00F9814A /* UserTarBarViewController.m */; };
		24ED0A7B229014F600F9814A /* ProfileViewController.m in Sources */ = {isa = PBXBuildFile; fileRef = 24ED0A7A229014F600F9814A /* ProfileViewController.m */; };
		24ED0A7F2296FE8A00F9814A /* SettingViewController.m in Sources */ = {isa = PBXBuildFile; fileRef = 24ED0A7E2296FE8A00F9814A /* SettingViewController.m */; };
		24ED755E226DFB3F00894C0E /* fontello.ttf in Resources */ = {isa = PBXBuildFile; fileRef = 24ED755D226DFB3F00894C0E /* fontello.ttf */; };
		48683DE9C36519E3B3F73368 /* libPods-YesterdayNews.a in Frameworks */ = {isa = PBXBuildFile; fileRef = E45E69A9B4FF88D7B55EC24E /* libPods-YesterdayNews.a */; };
		5144FADA226B57FD00101E22 /* HomePageViewModel.m in Sources */ = {isa = PBXBuildFile; fileRef = 5144FAD9226B57FD00101E22 /* HomePageViewModel.m */; };
		5144FADC226B581000101E22 /* UserInfoViewModel.m in Sources */ = {isa = PBXBuildFile; fileRef = 5144FADB226B581000101E22 /* UserInfoViewModel.m */; };
		5144FADE226B582100101E22 /* MainPageViewModel.m in Sources */ = {isa = PBXBuildFile; fileRef = 5144FADD226B582100101E22 /* MainPageViewModel.m */; };
		5144FAE5226B74C500101E22 /* PageViewController.m in Sources */ = {isa = PBXBuildFile; fileRef = 5144FAE4226B74C500101E22 /* PageViewController.m */; };
		5144FAE9226B779800101E22 /* RecommendViewController.m in Sources */ = {isa = PBXBuildFile; fileRef = 5144FAE8226B779800101E22 /* RecommendViewController.m */; };
		5144FAEC226C31AD00101E22 /* HotspotViewController.m in Sources */ = {isa = PBXBuildFile; fileRef = 5144FAEB226C31AD00101E22 /* HotspotViewController.m */; };
		517F4FB9227ACA6100FE65B3 /* RecommendViewModel.m in Sources */ = {isa = PBXBuildFile; fileRef = 517F4FB8227ACA6100FE65B3 /* RecommendViewModel.m */; };
		5180E9F9228997630093220B /* ImageCell.m in Sources */ = {isa = PBXBuildFile; fileRef = 5180E9F8228997630093220B /* ImageCell.m */; };
		51B51D29227F4273007AA44B /* HotspotViewController.m in Sources */ = {isa = PBXBuildFile; fileRef = 51B51D27227F4273007AA44B /* HotspotViewController.m */; };
		51B51D302281D7CA007AA44B /* News.m in Sources */ = {isa = PBXBuildFile; fileRef = 51B51D2F2281D7CA007AA44B /* News.m */; };
		51B51D362281FAF8007AA44B /* TimeUtils.m in Sources */ = {isa = PBXBuildFile; fileRef = 51B51D352281FAF8007AA44B /* TimeUtils.m */; };
		51B51D3D228298FB007AA44B /* SingleImageNews.m in Sources */ = {isa = PBXBuildFile; fileRef = 51B51D3C228298FB007AA44B /* SingleImageNews.m */; };
		51B51D3F22829960007AA44B /* MultiImagesNews.m in Sources */ = {isa = PBXBuildFile; fileRef = 51B51D3E22829960007AA44B /* MultiImagesNews.m */; };
		51B51D452282B397007AA44B /* NewsDetailViewController.m in Sources */ = {isa = PBXBuildFile; fileRef = 51B51D442282B397007AA44B /* NewsDetailViewController.m */; };
		51C3AD04226B0D1600EA3FD9 /* AppDelegate.m in Sources */ = {isa = PBXBuildFile; fileRef = 51C3AD03226B0D1600EA3FD9 /* AppDelegate.m */; };
		51C3AD0C226B0D1B00EA3FD9 /* Assets.xcassets in Resources */ = {isa = PBXBuildFile; fileRef = 51C3AD0B226B0D1B00EA3FD9 /* Assets.xcassets */; };
		51C3AD0F226B0D1B00EA3FD9 /* LaunchScreen.storyboard in Resources */ = {isa = PBXBuildFile; fileRef = 51C3AD0D226B0D1B00EA3FD9 /* LaunchScreen.storyboard */; };
		51C3AD12226B0D1B00EA3FD9 /* main.m in Sources */ = {isa = PBXBuildFile; fileRef = 51C3AD11226B0D1B00EA3FD9 /* main.m */; };
		51C3AD1C226B0D1B00EA3FD9 /* YesterdayNewsTests.m in Sources */ = {isa = PBXBuildFile; fileRef = 51C3AD1B226B0D1B00EA3FD9 /* YesterdayNewsTests.m */; };
		51C3AD27226B0D1B00EA3FD9 /* YesterdayNewsUITests.m in Sources */ = {isa = PBXBuildFile; fileRef = 51C3AD26226B0D1B00EA3FD9 /* YesterdayNewsUITests.m */; };
		51C3AD3A226B0EE700EA3FD9 /* MainPageViewController.m in Sources */ = {isa = PBXBuildFile; fileRef = 51C3AD39226B0EE700EA3FD9 /* MainPageViewController.m */; };
		51C3AD40226B140A00EA3FD9 /* HomePageViewController.m in Sources */ = {isa = PBXBuildFile; fileRef = 51C3AD3F226B140A00EA3FD9 /* HomePageViewController.m */; };
		51D3C4B6228EF8F100197E89 /* User.m in Sources */ = {isa = PBXBuildFile; fileRef = 51D3C4B5228EF8F100197E89 /* User.m */; };
		51E0DD762282D602008F037D /* ViewController.m in Sources */ = {isa = PBXBuildFile; fileRef = 51E0DD752282D602008F037D /* ViewController.m */; };
		7CB4A9D9D37BBADE1282A7BB /* libPods-YesterdayNewsTests.a in Frameworks */ = {isa = PBXBuildFile; fileRef = 07AA0FE3601FE1262409EB2B /* libPods-YesterdayNewsTests.a */; };
		E79A7E9E2273F34300FB5F9D /* INotification.m in Sources */ = {isa = PBXBuildFile; fileRef = E79A7E9D2273F34300FB5F9D /* INotification.m */; };
		FAD94154CCF45B7284193A6E /* libPods-YesterdayNewsUITests.a in Frameworks */ = {isa = PBXBuildFile; fileRef = 0F0E4A0C7DDF17D008A78D0E /* libPods-YesterdayNewsUITests.a */; };
/* End PBXBuildFile section */

/* Begin PBXContainerItemProxy section */
		51C3AD18226B0D1B00EA3FD9 /* PBXContainerItemProxy */ = {
			isa = PBXContainerItemProxy;
			containerPortal = 51C3ACF7226B0D1600EA3FD9 /* Project object */;
			proxyType = 1;
			remoteGlobalIDString = 51C3ACFE226B0D1600EA3FD9;
			remoteInfo = YesterdayNews;
		};
		51C3AD23226B0D1B00EA3FD9 /* PBXContainerItemProxy */ = {
			isa = PBXContainerItemProxy;
			containerPortal = 51C3ACF7226B0D1600EA3FD9 /* Project object */;
			proxyType = 1;
			remoteGlobalIDString = 51C3ACFE226B0D1600EA3FD9;
			remoteInfo = YesterdayNews;
		};
/* End PBXContainerItemProxy section */

/* Begin PBXFileReference section */
		07AA0FE3601FE1262409EB2B /* libPods-YesterdayNewsTests.a */ = {isa = PBXFileReference; explicitFileType = archive.ar; includeInIndex = 0; path = "libPods-YesterdayNewsTests.a"; sourceTree = BUILT_PRODUCTS_DIR; };
		0F0E4A0C7DDF17D008A78D0E /* libPods-YesterdayNewsUITests.a */ = {isa = PBXFileReference; explicitFileType = archive.ar; includeInIndex = 0; path = "libPods-YesterdayNewsUITests.a"; sourceTree = BUILT_PRODUCTS_DIR; };
		24ED0A18227B602E00F9814A /* UserInfoViewController.h */ = {isa = PBXFileReference; fileEncoding = 4; lastKnownFileType = sourcecode.c.h; path = UserInfoViewController.h; sourceTree = "<group>"; };
		24ED0A1A227B602E00F9814A /* LoginViewController.m */ = {isa = PBXFileReference; fileEncoding = 4; lastKnownFileType = sourcecode.c.objc; path = LoginViewController.m; sourceTree = "<group>"; };
		24ED0A1B227B602E00F9814A /* LoginViewController.h */ = {isa = PBXFileReference; fileEncoding = 4; lastKnownFileType = sourcecode.c.h; path = LoginViewController.h; sourceTree = "<group>"; };
		24ED0A1D227B602E00F9814A /* UserInfoViewController.m */ = {isa = PBXFileReference; fileEncoding = 4; lastKnownFileType = sourcecode.c.objc; path = UserInfoViewController.m; sourceTree = "<group>"; };
		24ED0A20227B602E00F9814A /* SignupViewController.m */ = {isa = PBXFileReference; fileEncoding = 4; lastKnownFileType = sourcecode.c.objc; path = SignupViewController.m; sourceTree = "<group>"; };
		24ED0A21227B602E00F9814A /* SignupViewController.h */ = {isa = PBXFileReference; fileEncoding = 4; lastKnownFileType = sourcecode.c.h; path = SignupViewController.h; sourceTree = "<group>"; };
		24ED0A23227B602E00F9814A /* ListViewController.m */ = {isa = PBXFileReference; fileEncoding = 4; lastKnownFileType = sourcecode.c.objc; path = ListViewController.m; sourceTree = "<group>"; };
		24ED0A24227B602E00F9814A /* UserTarBarViewController.h */ = {isa = PBXFileReference; fileEncoding = 4; lastKnownFileType = sourcecode.c.h; path = UserTarBarViewController.h; sourceTree = "<group>"; };
		24ED0A25227B602E00F9814A /* ListViewController.h */ = {isa = PBXFileReference; fileEncoding = 4; lastKnownFileType = sourcecode.c.h; path = ListViewController.h; sourceTree = "<group>"; };
		24ED0A26227B602E00F9814A /* UserTarBarViewController.m */ = {isa = PBXFileReference; fileEncoding = 4; lastKnownFileType = sourcecode.c.objc; path = UserTarBarViewController.m; sourceTree = "<group>"; };
		24ED0A79229014F600F9814A /* ProfileViewController.h */ = {isa = PBXFileReference; lastKnownFileType = sourcecode.c.h; path = ProfileViewController.h; sourceTree = "<group>"; };
		24ED0A7A229014F600F9814A /* ProfileViewController.m */ = {isa = PBXFileReference; lastKnownFileType = sourcecode.c.objc; path = ProfileViewController.m; sourceTree = "<group>"; };
		24ED0A7D2296FE8A00F9814A /* SettingViewController.h */ = {isa = PBXFileReference; lastKnownFileType = sourcecode.c.h; path = SettingViewController.h; sourceTree = "<group>"; };
		24ED0A7E2296FE8A00F9814A /* SettingViewController.m */ = {isa = PBXFileReference; lastKnownFileType = sourcecode.c.objc; path = SettingViewController.m; sourceTree = "<group>"; };
		24ED755D226DFB3F00894C0E /* fontello.ttf */ = {isa = PBXFileReference; lastKnownFileType = file; path = fontello.ttf; sourceTree = "<group>"; };
		5144FAD6226B57C100101E22 /* HomePageViewModel.h */ = {isa = PBXFileReference; lastKnownFileType = sourcecode.c.h; path = HomePageViewModel.h; sourceTree = "<group>"; };
		5144FAD7226B57CF00101E22 /* UserInfoViewModel.h */ = {isa = PBXFileReference; lastKnownFileType = sourcecode.c.h; path = UserInfoViewModel.h; sourceTree = "<group>"; };
		5144FAD8226B57E200101E22 /* MainPageViewModel.h */ = {isa = PBXFileReference; lastKnownFileType = sourcecode.c.h; path = MainPageViewModel.h; sourceTree = "<group>"; };
		5144FAD9226B57FD00101E22 /* HomePageViewModel.m */ = {isa = PBXFileReference; lastKnownFileType = sourcecode.c.objc; path = HomePageViewModel.m; sourceTree = "<group>"; };
		5144FADB226B581000101E22 /* UserInfoViewModel.m */ = {isa = PBXFileReference; lastKnownFileType = sourcecode.c.objc; path = UserInfoViewModel.m; sourceTree = "<group>"; };
		5144FADD226B582100101E22 /* MainPageViewModel.m */ = {isa = PBXFileReference; lastKnownFileType = sourcecode.c.objc; path = MainPageViewModel.m; sourceTree = "<group>"; };
		5144FAE4226B74C500101E22 /* PageViewController.m */ = {isa = PBXFileReference; lastKnownFileType = sourcecode.c.objc; path = PageViewController.m; sourceTree = "<group>"; };
		5144FAE6226B74D300101E22 /* PageViewController.h */ = {isa = PBXFileReference; lastKnownFileType = sourcecode.c.h; path = PageViewController.h; sourceTree = "<group>"; };
		5144FAE7226B777C00101E22 /* RecommendViewController.h */ = {isa = PBXFileReference; lastKnownFileType = sourcecode.c.h; path = RecommendViewController.h; sourceTree = "<group>"; };
		5144FAE8226B779800101E22 /* RecommendViewController.m */ = {isa = PBXFileReference; lastKnownFileType = sourcecode.c.objc; path = RecommendViewController.m; sourceTree = "<group>"; };
		5144FAEA226C319B00101E22 /* HotspotViewController.h */ = {isa = PBXFileReference; lastKnownFileType = sourcecode.c.h; path = HotspotViewController.h; sourceTree = "<group>"; };
		5144FAEB226C31AD00101E22 /* HotspotViewController.m */ = {isa = PBXFileReference; lastKnownFileType = sourcecode.c.objc; path = HotspotViewController.m; sourceTree = "<group>"; };
		517F4FB8227ACA6100FE65B3 /* RecommendViewModel.m */ = {isa = PBXFileReference; lastKnownFileType = sourcecode.c.objc; path = RecommendViewModel.m; sourceTree = "<group>"; };
		517F4FBA227ACA7100FE65B3 /* RecommendViewModel.h */ = {isa = PBXFileReference; lastKnownFileType = sourcecode.c.h; path = RecommendViewModel.h; sourceTree = "<group>"; };
		5180E9F7228997570093220B /* ImageCell.h */ = {isa = PBXFileReference; lastKnownFileType = sourcecode.c.h; path = ImageCell.h; sourceTree = "<group>"; };
		5180E9F8228997630093220B /* ImageCell.m */ = {isa = PBXFileReference; lastKnownFileType = sourcecode.c.objc; path = ImageCell.m; sourceTree = "<group>"; };
		51B51D27227F4273007AA44B /* HotspotViewController.m */ = {isa = PBXFileReference; fileEncoding = 4; lastKnownFileType = sourcecode.c.objc; path = HotspotViewController.m; sourceTree = "<group>"; };
		51B51D28227F4273007AA44B /* HotspotViewController.h */ = {isa = PBXFileReference; fileEncoding = 4; lastKnownFileType = sourcecode.c.h; path = HotspotViewController.h; sourceTree = "<group>"; };
		51B51D2F2281D7CA007AA44B /* News.m */ = {isa = PBXFileReference; lastKnownFileType = sourcecode.c.objc; path = News.m; sourceTree = "<group>"; };
		51B51D312281D7D5007AA44B /* News.h */ = {isa = PBXFileReference; lastKnownFileType = sourcecode.c.h; path = News.h; sourceTree = "<group>"; };
		51B51D332281FADF007AA44B /* TimeUtils.h */ = {isa = PBXFileReference; lastKnownFileType = sourcecode.c.h; path = TimeUtils.h; sourceTree = "<group>"; };
		51B51D352281FAF8007AA44B /* TimeUtils.m */ = {isa = PBXFileReference; lastKnownFileType = sourcecode.c.objc; path = TimeUtils.m; sourceTree = "<group>"; };
		51B51D3B228298EA007AA44B /* SingleImageNews.h */ = {isa = PBXFileReference; lastKnownFileType = sourcecode.c.h; path = SingleImageNews.h; sourceTree = "<group>"; };
		51B51D3C228298FB007AA44B /* SingleImageNews.m */ = {isa = PBXFileReference; lastKnownFileType = sourcecode.c.objc; path = SingleImageNews.m; sourceTree = "<group>"; };
		51B51D3E22829960007AA44B /* MultiImagesNews.m */ = {isa = PBXFileReference; lastKnownFileType = sourcecode.c.objc; path = MultiImagesNews.m; sourceTree = "<group>"; };
		51B51D402282996A007AA44B /* MultiImagesNews.h */ = {isa = PBXFileReference; lastKnownFileType = sourcecode.c.h; path = MultiImagesNews.h; sourceTree = "<group>"; };
		51B51D432282B384007AA44B /* NewsDetailViewController.h */ = {isa = PBXFileReference; lastKnownFileType = sourcecode.c.h; path = NewsDetailViewController.h; sourceTree = "<group>"; };
		51B51D442282B397007AA44B /* NewsDetailViewController.m */ = {isa = PBXFileReference; lastKnownFileType = sourcecode.c.objc; path = NewsDetailViewController.m; sourceTree = "<group>"; };
		51C3ACFF226B0D1600EA3FD9 /* YesterdayNews.app */ = {isa = PBXFileReference; explicitFileType = wrapper.application; includeInIndex = 0; path = YesterdayNews.app; sourceTree = BUILT_PRODUCTS_DIR; };
		51C3AD02226B0D1600EA3FD9 /* AppDelegate.h */ = {isa = PBXFileReference; lastKnownFileType = sourcecode.c.h; path = AppDelegate.h; sourceTree = "<group>"; };
		51C3AD03226B0D1600EA3FD9 /* AppDelegate.m */ = {isa = PBXFileReference; lastKnownFileType = sourcecode.c.objc; path = AppDelegate.m; sourceTree = "<group>"; };
		51C3AD0B226B0D1B00EA3FD9 /* Assets.xcassets */ = {isa = PBXFileReference; lastKnownFileType = folder.assetcatalog; path = Assets.xcassets; sourceTree = "<group>"; };
		51C3AD0E226B0D1B00EA3FD9 /* Base */ = {isa = PBXFileReference; lastKnownFileType = file.storyboard; name = Base; path = Base.lproj/LaunchScreen.storyboard; sourceTree = "<group>"; };
		51C3AD10226B0D1B00EA3FD9 /* Info.plist */ = {isa = PBXFileReference; lastKnownFileType = text.plist.xml; path = Info.plist; sourceTree = "<group>"; };
		51C3AD11226B0D1B00EA3FD9 /* main.m */ = {isa = PBXFileReference; lastKnownFileType = sourcecode.c.objc; path = main.m; sourceTree = "<group>"; };
		51C3AD17226B0D1B00EA3FD9 /* YesterdayNewsTests.xctest */ = {isa = PBXFileReference; explicitFileType = wrapper.cfbundle; includeInIndex = 0; path = YesterdayNewsTests.xctest; sourceTree = BUILT_PRODUCTS_DIR; };
		51C3AD1B226B0D1B00EA3FD9 /* YesterdayNewsTests.m */ = {isa = PBXFileReference; lastKnownFileType = sourcecode.c.objc; path = YesterdayNewsTests.m; sourceTree = "<group>"; };
		51C3AD1D226B0D1B00EA3FD9 /* Info.plist */ = {isa = PBXFileReference; lastKnownFileType = text.plist.xml; path = Info.plist; sourceTree = "<group>"; };
		51C3AD22226B0D1B00EA3FD9 /* YesterdayNewsUITests.xctest */ = {isa = PBXFileReference; explicitFileType = wrapper.cfbundle; includeInIndex = 0; path = YesterdayNewsUITests.xctest; sourceTree = BUILT_PRODUCTS_DIR; };
		51C3AD26226B0D1B00EA3FD9 /* YesterdayNewsUITests.m */ = {isa = PBXFileReference; lastKnownFileType = sourcecode.c.objc; path = YesterdayNewsUITests.m; sourceTree = "<group>"; };
		51C3AD28226B0D1B00EA3FD9 /* Info.plist */ = {isa = PBXFileReference; lastKnownFileType = text.plist.xml; path = Info.plist; sourceTree = "<group>"; };
		51C3AD39226B0EE700EA3FD9 /* MainPageViewController.m */ = {isa = PBXFileReference; lastKnownFileType = sourcecode.c.objc; path = MainPageViewController.m; sourceTree = "<group>"; };
		51C3AD3B226B0F2C00EA3FD9 /* MainPageViewController.h */ = {isa = PBXFileReference; lastKnownFileType = sourcecode.c.h; path = MainPageViewController.h; sourceTree = "<group>"; };
		51C3AD3E226B13F400EA3FD9 /* HomePageViewController.h */ = {isa = PBXFileReference; lastKnownFileType = sourcecode.c.h; path = HomePageViewController.h; sourceTree = "<group>"; };
		51C3AD3F226B140A00EA3FD9 /* HomePageViewController.m */ = {isa = PBXFileReference; lastKnownFileType = sourcecode.c.objc; path = HomePageViewController.m; sourceTree = "<group>"; };
		51D3C4B4228EF8E600197E89 /* User.h */ = {isa = PBXFileReference; lastKnownFileType = sourcecode.c.h; path = User.h; sourceTree = "<group>"; };
		51D3C4B5228EF8F100197E89 /* User.m */ = {isa = PBXFileReference; lastKnownFileType = sourcecode.c.objc; path = User.m; sourceTree = "<group>"; };
		51E0DD742282D57C008F037D /* ViewController.h */ = {isa = PBXFileReference; lastKnownFileType = sourcecode.c.h; path = ViewController.h; sourceTree = "<group>"; };
		51E0DD752282D602008F037D /* ViewController.m */ = {isa = PBXFileReference; lastKnownFileType = sourcecode.c.objc; path = ViewController.m; sourceTree = "<group>"; };
		7FEEE29897871650AE6FB86C /* Pods-YesterdayNews.release.xcconfig */ = {isa = PBXFileReference; includeInIndex = 1; lastKnownFileType = text.xcconfig; name = "Pods-YesterdayNews.release.xcconfig"; path = "Target Support Files/Pods-YesterdayNews/Pods-YesterdayNews.release.xcconfig"; sourceTree = "<group>"; };
		8E8ADFFE286784EE7AD6AE06 /* Pods-YesterdayNews.debug.xcconfig */ = {isa = PBXFileReference; includeInIndex = 1; lastKnownFileType = text.xcconfig; name = "Pods-YesterdayNews.debug.xcconfig"; path = "Target Support Files/Pods-YesterdayNews/Pods-YesterdayNews.debug.xcconfig"; sourceTree = "<group>"; };
		A6121034484CFC8C4251811E /* Pods-YesterdayNewsTests.debug.xcconfig */ = {isa = PBXFileReference; includeInIndex = 1; lastKnownFileType = text.xcconfig; name = "Pods-YesterdayNewsTests.debug.xcconfig"; path = "Target Support Files/Pods-YesterdayNewsTests/Pods-YesterdayNewsTests.debug.xcconfig"; sourceTree = "<group>"; };
		C40C061FF41A21E77B65E621 /* Pods-YesterdayNewsTests.release.xcconfig */ = {isa = PBXFileReference; includeInIndex = 1; lastKnownFileType = text.xcconfig; name = "Pods-YesterdayNewsTests.release.xcconfig"; path = "Target Support Files/Pods-YesterdayNewsTests/Pods-YesterdayNewsTests.release.xcconfig"; sourceTree = "<group>"; };
		D2278CB1DAE72FEFB9926061 /* Pods-YesterdayNewsUITests.debug.xcconfig */ = {isa = PBXFileReference; includeInIndex = 1; lastKnownFileType = text.xcconfig; name = "Pods-YesterdayNewsUITests.debug.xcconfig"; path = "Target Support Files/Pods-YesterdayNewsUITests/Pods-YesterdayNewsUITests.debug.xcconfig"; sourceTree = "<group>"; };
		E45E69A9B4FF88D7B55EC24E /* libPods-YesterdayNews.a */ = {isa = PBXFileReference; explicitFileType = archive.ar; includeInIndex = 0; path = "libPods-YesterdayNews.a"; sourceTree = BUILT_PRODUCTS_DIR; };
		E79A7E9C2273F28900FB5F9D /* INotification.h */ = {isa = PBXFileReference; lastKnownFileType = sourcecode.c.h; path = INotification.h; sourceTree = "<group>"; };
		E79A7E9D2273F34300FB5F9D /* INotification.m */ = {isa = PBXFileReference; lastKnownFileType = sourcecode.c.objc; path = INotification.m; sourceTree = "<group>"; };
		E79A7E9F2274058700FB5F9D /* YesterdayNews.entitlements */ = {isa = PBXFileReference; lastKnownFileType = text.plist.entitlements; path = YesterdayNews.entitlements; sourceTree = "<group>"; };
		E79A7EA02274367700FB5F9D /* UserNotifications.framework */ = {isa = PBXFileReference; lastKnownFileType = wrapper.framework; name = UserNotifications.framework; path = System/Library/Frameworks/UserNotifications.framework; sourceTree = SDKROOT; };
		FBF26118C12B96AD20D47FD2 /* Pods-YesterdayNewsUITests.release.xcconfig */ = {isa = PBXFileReference; includeInIndex = 1; lastKnownFileType = text.xcconfig; name = "Pods-YesterdayNewsUITests.release.xcconfig"; path = "Target Support Files/Pods-YesterdayNewsUITests/Pods-YesterdayNewsUITests.release.xcconfig"; sourceTree = "<group>"; };
/* End PBXFileReference section */

/* Begin PBXFrameworksBuildPhase section */
		51C3ACFC226B0D1600EA3FD9 /* Frameworks */ = {
			isa = PBXFrameworksBuildPhase;
			buildActionMask = 2147483647;
			files = (
				48683DE9C36519E3B3F73368 /* libPods-YesterdayNews.a in Frameworks */,
			);
			runOnlyForDeploymentPostprocessing = 0;
		};
		51C3AD14226B0D1B00EA3FD9 /* Frameworks */ = {
			isa = PBXFrameworksBuildPhase;
			buildActionMask = 2147483647;
			files = (
				7CB4A9D9D37BBADE1282A7BB /* libPods-YesterdayNewsTests.a in Frameworks */,
			);
			runOnlyForDeploymentPostprocessing = 0;
		};
		51C3AD1F226B0D1B00EA3FD9 /* Frameworks */ = {
			isa = PBXFrameworksBuildPhase;
			buildActionMask = 2147483647;
			files = (
				FAD94154CCF45B7284193A6E /* libPods-YesterdayNewsUITests.a in Frameworks */,
			);
			runOnlyForDeploymentPostprocessing = 0;
		};
/* End PBXFrameworksBuildPhase section */

/* Begin PBXGroup section */
		24ED0A17227B602E00F9814A /* UserInfo */ = {
			isa = PBXGroup;
			children = (
				24ED0A7C2296FDD400F9814A /* SettingPage */,
				24ED0A18227B602E00F9814A /* UserInfoViewController.h */,
				24ED0A1D227B602E00F9814A /* UserInfoViewController.m */,
				24ED0A19227B602E00F9814A /* LogInPage */,
				24ED0A1F227B602E00F9814A /* SignUpPage */,
				24ED0A22227B602E00F9814A /* UserTarBar */,
				24ED0A79229014F600F9814A /* ProfileViewController.h */,
				24ED0A7A229014F600F9814A /* ProfileViewController.m */,
			);
			path = UserInfo;
			sourceTree = "<group>";
		};
		24ED0A19227B602E00F9814A /* LogInPage */ = {
			isa = PBXGroup;
			children = (
				24ED0A1B227B602E00F9814A /* LoginViewController.h */,
				24ED0A1A227B602E00F9814A /* LoginViewController.m */,
			);
			path = LogInPage;
			sourceTree = "<group>";
		};
		24ED0A1F227B602E00F9814A /* SignUpPage */ = {
			isa = PBXGroup;
			children = (
				24ED0A21227B602E00F9814A /* SignupViewController.h */,
				24ED0A20227B602E00F9814A /* SignupViewController.m */,
			);
			path = SignUpPage;
			sourceTree = "<group>";
		};
		24ED0A22227B602E00F9814A /* UserTarBar */ = {
			isa = PBXGroup;
			children = (
				24ED0A24227B602E00F9814A /* UserTarBarViewController.h */,
				24ED0A26227B602E00F9814A /* UserTarBarViewController.m */,
				24ED0A25227B602E00F9814A /* ListViewController.h */,
				24ED0A23227B602E00F9814A /* ListViewController.m */,
			);
			path = UserTarBar;
			sourceTree = "<group>";
		};
		24ED0A7C2296FDD400F9814A /* SettingPage */ = {
			isa = PBXGroup;
			children = (
				24ED0A7D2296FE8A00F9814A /* SettingViewController.h */,
				24ED0A7E2296FE8A00F9814A /* SettingViewController.m */,
			);
			path = SettingPage;
			sourceTree = "<group>";
		};
		24ED755C226DFB3F00894C0E /* fonts */ = {
			isa = PBXGroup;
			children = (
				24ED755D226DFB3F00894C0E /* fontello.ttf */,
			);
			path = fonts;
			sourceTree = "<group>";
		};
		5144FADF226B73EA00101E22 /* HomePage */ = {
			isa = PBXGroup;
			children = (
				51C3AD3E226B13F400EA3FD9 /* HomePageViewController.h */,
				51C3AD3F226B140A00EA3FD9 /* HomePageViewController.m */,
				5144FAE6226B74D300101E22 /* PageViewController.h */,
				5144FAE4226B74C500101E22 /* PageViewController.m */,
				51B329692277328200696FB5 /* Recommend */,
				51B3296B227732A100696FB5 /* Hotspot */,
			);
			path = HomePage;
			sourceTree = "<group>";
		};
		5144FAE1226B740F00101E22 /* HomePage */ = {
			isa = PBXGroup;
			children = (
				5144FAD6226B57C100101E22 /* HomePageViewModel.h */,
				5144FAD9226B57FD00101E22 /* HomePageViewModel.m */,
				517F4FB7227ACA2F00FE65B3 /* Recommend */,
				51B51D26227F4273007AA44B /* Hotspot */,
			);
			path = HomePage;
			sourceTree = "<group>";
		};
		5144FAE2226B742900101E22 /* UserInfo */ = {
			isa = PBXGroup;
			children = (
				5144FAD7226B57CF00101E22 /* UserInfoViewModel.h */,
				5144FADB226B581000101E22 /* UserInfoViewModel.m */,
			);
			path = UserInfo;
			sourceTree = "<group>";
		};
		517F4FB7227ACA2F00FE65B3 /* Recommend */ = {
			isa = PBXGroup;
			children = (
				517F4FBA227ACA7100FE65B3 /* RecommendViewModel.h */,
				517F4FB8227ACA6100FE65B3 /* RecommendViewModel.m */,
			);
			path = Recommend;
			sourceTree = "<group>";
		};
		51B329692277328200696FB5 /* Recommend */ = {
			isa = PBXGroup;
			children = (
				5144FAE7226B777C00101E22 /* RecommendViewController.h */,
				5144FAE8226B779800101E22 /* RecommendViewController.m */,
			);
			path = Recommend;
			sourceTree = "<group>";
		};
		51B3296B227732A100696FB5 /* Hotspot */ = {
			isa = PBXGroup;
			children = (
				5144FAEA226C319B00101E22 /* HotspotViewController.h */,
				5144FAEB226C31AD00101E22 /* HotspotViewController.m */,
			);
			path = Hotspot;
			sourceTree = "<group>";
		};
		51B51D26227F4273007AA44B /* Hotspot */ = {
			isa = PBXGroup;
			children = (
				51B51D28227F4273007AA44B /* HotspotViewController.h */,
				51B51D27227F4273007AA44B /* HotspotViewController.m */,
			);
			name = Hotspot;
			path = YesterdayNews/ViewController/HomePage/Hotspot;
			sourceTree = SOURCE_ROOT;
		};
		51B51D342281FAE3007AA44B /* TimeUtils */ = {
			isa = PBXGroup;
			children = (
				51B51D332281FADF007AA44B /* TimeUtils.h */,
				51B51D352281FAF8007AA44B /* TimeUtils.m */,
			);
			path = TimeUtils;
			sourceTree = "<group>";
		};
		51B51D372282989C007AA44B /* Layout */ = {
			isa = PBXGroup;
			children = (
				51B51D3B228298EA007AA44B /* SingleImageNews.h */,
				51B51D3C228298FB007AA44B /* SingleImageNews.m */,
				51B51D402282996A007AA44B /* MultiImagesNews.h */,
				51B51D3E22829960007AA44B /* MultiImagesNews.m */,
				5180E9F7228997570093220B /* ImageCell.h */,
				5180E9F8228997630093220B /* ImageCell.m */,
			);
			path = Layout;
			sourceTree = "<group>";
		};
		51B51D412282B329007AA44B /* NewsDetail */ = {
			isa = PBXGroup;
			children = (
				51B51D432282B384007AA44B /* NewsDetailViewController.h */,
				51B51D442282B397007AA44B /* NewsDetailViewController.m */,
			);
			path = NewsDetail;
			sourceTree = "<group>";
		};
		51C3ACF6226B0D1600EA3FD9 = {
			isa = PBXGroup;
			children = (
				51C3AD01226B0D1600EA3FD9 /* YesterdayNews */,
				51C3AD1A226B0D1B00EA3FD9 /* YesterdayNewsTests */,
				51C3AD25226B0D1B00EA3FD9 /* YesterdayNewsUITests */,
				51C3AD00226B0D1600EA3FD9 /* Products */,
				58AE3DD52C84B8BCD37DBE09 /* Pods */,
				5DD0DE358D79C27241D36F98 /* Frameworks */,
			);
			sourceTree = "<group>";
		};
		51C3AD00226B0D1600EA3FD9 /* Products */ = {
			isa = PBXGroup;
			children = (
				51C3ACFF226B0D1600EA3FD9 /* YesterdayNews.app */,
				51C3AD17226B0D1B00EA3FD9 /* YesterdayNewsTests.xctest */,
				51C3AD22226B0D1B00EA3FD9 /* YesterdayNewsUITests.xctest */,
			);
			name = Products;
			sourceTree = "<group>";
		};
		51C3AD01226B0D1600EA3FD9 /* YesterdayNews */ = {
			isa = PBXGroup;
			children = (
				E79A7E9F2274058700FB5F9D /* YesterdayNews.entitlements */,
				51B51D372282989C007AA44B /* Layout */,
				E79A7E9A2273F25E00FB5F9D /* Utils */,
				24ED755C226DFB3F00894C0E /* fonts */,
				51C3AD36226B0D5C00EA3FD9 /* Model */,
				51C3AD35226B0D4D00EA3FD9 /* ViewController */,
				51C3AD34226B0D4400EA3FD9 /* ViewModel */,
				51C3AD02226B0D1600EA3FD9 /* AppDelegate.h */,
				51C3AD03226B0D1600EA3FD9 /* AppDelegate.m */,
				51C3AD3B226B0F2C00EA3FD9 /* MainPageViewController.h */,
				51C3AD39226B0EE700EA3FD9 /* MainPageViewController.m */,
				51E0DD742282D57C008F037D /* ViewController.h */,
				51E0DD752282D602008F037D /* ViewController.m */,
				51C3AD0B226B0D1B00EA3FD9 /* Assets.xcassets */,
				51C3AD0D226B0D1B00EA3FD9 /* LaunchScreen.storyboard */,
				51C3AD10226B0D1B00EA3FD9 /* Info.plist */,
				51C3AD11226B0D1B00EA3FD9 /* main.m */,
			);
			path = YesterdayNews;
			sourceTree = "<group>";
		};
		51C3AD1A226B0D1B00EA3FD9 /* YesterdayNewsTests */ = {
			isa = PBXGroup;
			children = (
				51C3AD1B226B0D1B00EA3FD9 /* YesterdayNewsTests.m */,
				51C3AD1D226B0D1B00EA3FD9 /* Info.plist */,
			);
			path = YesterdayNewsTests;
			sourceTree = "<group>";
		};
		51C3AD25226B0D1B00EA3FD9 /* YesterdayNewsUITests */ = {
			isa = PBXGroup;
			children = (
				51C3AD26226B0D1B00EA3FD9 /* YesterdayNewsUITests.m */,
				51C3AD28226B0D1B00EA3FD9 /* Info.plist */,
			);
			path = YesterdayNewsUITests;
			sourceTree = "<group>";
		};
		51C3AD34226B0D4400EA3FD9 /* ViewModel */ = {
			isa = PBXGroup;
			children = (
				5144FAD8226B57E200101E22 /* MainPageViewModel.h */,
				5144FADD226B582100101E22 /* MainPageViewModel.m */,
				5144FAE1226B740F00101E22 /* HomePage */,
				5144FAE2226B742900101E22 /* UserInfo */,
			);
			path = ViewModel;
			sourceTree = "<group>";
		};
		51C3AD35226B0D4D00EA3FD9 /* ViewController */ = {
			isa = PBXGroup;
			children = (
				5144FADF226B73EA00101E22 /* HomePage */,
				51B51D412282B329007AA44B /* NewsDetail */,
				24ED0A17227B602E00F9814A /* UserInfo */,
			);
			path = ViewController;
			sourceTree = "<group>";
		};
		51C3AD36226B0D5C00EA3FD9 /* Model */ = {
			isa = PBXGroup;
			children = (
				51D3C4B3228EF8DA00197E89 /* User */,
				51B51D312281D7D5007AA44B /* News.h */,
				51B51D2F2281D7CA007AA44B /* News.m */,
			);
			path = Model;
			sourceTree = "<group>";
		};
		51D3C4B3228EF8DA00197E89 /* User */ = {
			isa = PBXGroup;
			children = (
				51D3C4B4228EF8E600197E89 /* User.h */,
				51D3C4B5228EF8F100197E89 /* User.m */,
			);
			path = User;
			sourceTree = "<group>";
		};
		58AE3DD52C84B8BCD37DBE09 /* Pods */ = {
			isa = PBXGroup;
			children = (
				8E8ADFFE286784EE7AD6AE06 /* Pods-YesterdayNews.debug.xcconfig */,
				7FEEE29897871650AE6FB86C /* Pods-YesterdayNews.release.xcconfig */,
				A6121034484CFC8C4251811E /* Pods-YesterdayNewsTests.debug.xcconfig */,
				C40C061FF41A21E77B65E621 /* Pods-YesterdayNewsTests.release.xcconfig */,
				D2278CB1DAE72FEFB9926061 /* Pods-YesterdayNewsUITests.debug.xcconfig */,
				FBF26118C12B96AD20D47FD2 /* Pods-YesterdayNewsUITests.release.xcconfig */,
			);
			path = Pods;
			sourceTree = "<group>";
		};
		5DD0DE358D79C27241D36F98 /* Frameworks */ = {
			isa = PBXGroup;
			children = (
				E79A7EA02274367700FB5F9D /* UserNotifications.framework */,
				E45E69A9B4FF88D7B55EC24E /* libPods-YesterdayNews.a */,
				07AA0FE3601FE1262409EB2B /* libPods-YesterdayNewsTests.a */,
				0F0E4A0C7DDF17D008A78D0E /* libPods-YesterdayNewsUITests.a */,
			);
			name = Frameworks;
			sourceTree = "<group>";
		};
		E79A7E9A2273F25E00FB5F9D /* Utils */ = {
			isa = PBXGroup;
			children = (
				51B51D342281FAE3007AA44B /* TimeUtils */,
				E79A7E9B2273F27000FB5F9D /* Notification */,
			);
			path = Utils;
			sourceTree = "<group>";
		};
		E79A7E9B2273F27000FB5F9D /* Notification */ = {
			isa = PBXGroup;
			children = (
				E79A7E9C2273F28900FB5F9D /* INotification.h */,
				E79A7E9D2273F34300FB5F9D /* INotification.m */,
			);
			path = Notification;
			sourceTree = "<group>";
		};
/* End PBXGroup section */

/* Begin PBXNativeTarget section */
		51C3ACFE226B0D1600EA3FD9 /* YesterdayNews */ = {
			isa = PBXNativeTarget;
			buildConfigurationList = 51C3AD2B226B0D1B00EA3FD9 /* Build configuration list for PBXNativeTarget "YesterdayNews" */;
			buildPhases = (
				863C2865902DD227B0917F39 /* [CP] Check Pods Manifest.lock */,
				51C3ACFB226B0D1600EA3FD9 /* Sources */,
				51C3ACFC226B0D1600EA3FD9 /* Frameworks */,
				51C3ACFD226B0D1600EA3FD9 /* Resources */,
				7E8BF4F20733CFC5C40C1D3C /* [CP] Copy Pods Resources */,
			);
			buildRules = (
			);
			dependencies = (
			);
			name = YesterdayNews;
			productName = YesterdayNews;
			productReference = 51C3ACFF226B0D1600EA3FD9 /* YesterdayNews.app */;
			productType = "com.apple.product-type.application";
		};
		51C3AD16226B0D1B00EA3FD9 /* YesterdayNewsTests */ = {
			isa = PBXNativeTarget;
			buildConfigurationList = 51C3AD2E226B0D1B00EA3FD9 /* Build configuration list for PBXNativeTarget "YesterdayNewsTests" */;
			buildPhases = (
				E6CEF9C3708270069DC0C867 /* [CP] Check Pods Manifest.lock */,
				51C3AD13226B0D1B00EA3FD9 /* Sources */,
				51C3AD14226B0D1B00EA3FD9 /* Frameworks */,
				51C3AD15226B0D1B00EA3FD9 /* Resources */,
			);
			buildRules = (
			);
			dependencies = (
				51C3AD19226B0D1B00EA3FD9 /* PBXTargetDependency */,
			);
			name = YesterdayNewsTests;
			productName = YesterdayNewsTests;
			productReference = 51C3AD17226B0D1B00EA3FD9 /* YesterdayNewsTests.xctest */;
			productType = "com.apple.product-type.bundle.unit-test";
		};
		51C3AD21226B0D1B00EA3FD9 /* YesterdayNewsUITests */ = {
			isa = PBXNativeTarget;
			buildConfigurationList = 51C3AD31226B0D1B00EA3FD9 /* Build configuration list for PBXNativeTarget "YesterdayNewsUITests" */;
			buildPhases = (
				54E9B2C32F05A3F36BD1DC28 /* [CP] Check Pods Manifest.lock */,
				51C3AD1E226B0D1B00EA3FD9 /* Sources */,
				51C3AD1F226B0D1B00EA3FD9 /* Frameworks */,
				51C3AD20226B0D1B00EA3FD9 /* Resources */,
			);
			buildRules = (
			);
			dependencies = (
				51C3AD24226B0D1B00EA3FD9 /* PBXTargetDependency */,
			);
			name = YesterdayNewsUITests;
			productName = YesterdayNewsUITests;
			productReference = 51C3AD22226B0D1B00EA3FD9 /* YesterdayNewsUITests.xctest */;
			productType = "com.apple.product-type.bundle.ui-testing";
		};
/* End PBXNativeTarget section */

/* Begin PBXProject section */
		51C3ACF7226B0D1600EA3FD9 /* Project object */ = {
			isa = PBXProject;
			attributes = {
				LastUpgradeCheck = 1010;
				ORGANIZATIONNAME = Cookieschen;
				TargetAttributes = {
					51C3ACFE226B0D1600EA3FD9 = {
						CreatedOnToolsVersion = 10.1;
						SystemCapabilities = {
							com.apple.Push = {
								enabled = 1;
							};
						};
					};
					51C3AD16226B0D1B00EA3FD9 = {
						CreatedOnToolsVersion = 10.1;
						TestTargetID = 51C3ACFE226B0D1600EA3FD9;
					};
					51C3AD21226B0D1B00EA3FD9 = {
						CreatedOnToolsVersion = 10.1;
						TestTargetID = 51C3ACFE226B0D1600EA3FD9;
					};
				};
			};
			buildConfigurationList = 51C3ACFA226B0D1600EA3FD9 /* Build configuration list for PBXProject "YesterdayNews" */;
			compatibilityVersion = "Xcode 9.3";
			developmentRegion = en;
			hasScannedForEncodings = 0;
			knownRegions = (
				en,
				Base,
			);
			mainGroup = 51C3ACF6226B0D1600EA3FD9;
			productRefGroup = 51C3AD00226B0D1600EA3FD9 /* Products */;
			projectDirPath = "";
			projectRoot = "";
			targets = (
				51C3ACFE226B0D1600EA3FD9 /* YesterdayNews */,
				51C3AD16226B0D1B00EA3FD9 /* YesterdayNewsTests */,
				51C3AD21226B0D1B00EA3FD9 /* YesterdayNewsUITests */,
			);
		};
/* End PBXProject section */

/* Begin PBXResourcesBuildPhase section */
		51C3ACFD226B0D1600EA3FD9 /* Resources */ = {
			isa = PBXResourcesBuildPhase;
			buildActionMask = 2147483647;
			files = (
				51C3AD0F226B0D1B00EA3FD9 /* LaunchScreen.storyboard in Resources */,
				24ED755E226DFB3F00894C0E /* fontello.ttf in Resources */,
				51C3AD0C226B0D1B00EA3FD9 /* Assets.xcassets in Resources */,
			);
			runOnlyForDeploymentPostprocessing = 0;
		};
		51C3AD15226B0D1B00EA3FD9 /* Resources */ = {
			isa = PBXResourcesBuildPhase;
			buildActionMask = 2147483647;
			files = (
			);
			runOnlyForDeploymentPostprocessing = 0;
		};
		51C3AD20226B0D1B00EA3FD9 /* Resources */ = {
			isa = PBXResourcesBuildPhase;
			buildActionMask = 2147483647;
			files = (
			);
			runOnlyForDeploymentPostprocessing = 0;
		};
/* End PBXResourcesBuildPhase section */

/* Begin PBXShellScriptBuildPhase section */
		54E9B2C32F05A3F36BD1DC28 /* [CP] Check Pods Manifest.lock */ = {
			isa = PBXShellScriptBuildPhase;
			buildActionMask = 2147483647;
			files = (
			);
			inputFileListPaths = (
			);
			inputPaths = (
				"${PODS_PODFILE_DIR_PATH}/Podfile.lock",
				"${PODS_ROOT}/Manifest.lock",
			);
			name = "[CP] Check Pods Manifest.lock";
			outputFileListPaths = (
			);
			outputPaths = (
				"$(DERIVED_FILE_DIR)/Pods-YesterdayNewsUITests-checkManifestLockResult.txt",
			);
			runOnlyForDeploymentPostprocessing = 0;
			shellPath = /bin/sh;
			shellScript = "diff \"${PODS_PODFILE_DIR_PATH}/Podfile.lock\" \"${PODS_ROOT}/Manifest.lock\" > /dev/null\nif [ $? != 0 ] ; then\n    # print error to STDERR\n    echo \"error: The sandbox is not in sync with the Podfile.lock. Run 'pod install' or update your CocoaPods installation.\" >&2\n    exit 1\nfi\n# This output is used by Xcode 'outputs' to avoid re-running this script phase.\necho \"SUCCESS\" > \"${SCRIPT_OUTPUT_FILE_0}\"\n";
			showEnvVarsInLog = 0;
		};
		7E8BF4F20733CFC5C40C1D3C /* [CP] Copy Pods Resources */ = {
			isa = PBXShellScriptBuildPhase;
			buildActionMask = 2147483647;
			files = (
			);
			inputFileListPaths = (
			);
			inputPaths = (
				"${PODS_ROOT}/Target Support Files/Pods-YesterdayNews/Pods-YesterdayNews-resources.sh",
				"${PODS_ROOT}/YBImageBrowser/YBImageBrowser/YBImageBrowser.bundle",
			);
			name = "[CP] Copy Pods Resources";
			outputFileListPaths = (
			);
			outputPaths = (
				"${TARGET_BUILD_DIR}/${UNLOCALIZED_RESOURCES_FOLDER_PATH}/YBImageBrowser.bundle",
			);
			runOnlyForDeploymentPostprocessing = 0;
			shellPath = /bin/sh;
			shellScript = "\"${PODS_ROOT}/Target Support Files/Pods-YesterdayNews/Pods-YesterdayNews-resources.sh\"\n";
			showEnvVarsInLog = 0;
		};
		863C2865902DD227B0917F39 /* [CP] Check Pods Manifest.lock */ = {
			isa = PBXShellScriptBuildPhase;
			buildActionMask = 2147483647;
			files = (
			);
			inputFileListPaths = (
			);
			inputPaths = (
				"${PODS_PODFILE_DIR_PATH}/Podfile.lock",
				"${PODS_ROOT}/Manifest.lock",
			);
			name = "[CP] Check Pods Manifest.lock";
			outputFileListPaths = (
			);
			outputPaths = (
				"$(DERIVED_FILE_DIR)/Pods-YesterdayNews-checkManifestLockResult.txt",
			);
			runOnlyForDeploymentPostprocessing = 0;
			shellPath = /bin/sh;
			shellScript = "diff \"${PODS_PODFILE_DIR_PATH}/Podfile.lock\" \"${PODS_ROOT}/Manifest.lock\" > /dev/null\nif [ $? != 0 ] ; then\n    # print error to STDERR\n    echo \"error: The sandbox is not in sync with the Podfile.lock. Run 'pod install' or update your CocoaPods installation.\" >&2\n    exit 1\nfi\n# This output is used by Xcode 'outputs' to avoid re-running this script phase.\necho \"SUCCESS\" > \"${SCRIPT_OUTPUT_FILE_0}\"\n";
			showEnvVarsInLog = 0;
		};
		E6CEF9C3708270069DC0C867 /* [CP] Check Pods Manifest.lock */ = {
			isa = PBXShellScriptBuildPhase;
			buildActionMask = 2147483647;
			files = (
			);
			inputFileListPaths = (
			);
			inputPaths = (
				"${PODS_PODFILE_DIR_PATH}/Podfile.lock",
				"${PODS_ROOT}/Manifest.lock",
			);
			name = "[CP] Check Pods Manifest.lock";
			outputFileListPaths = (
			);
			outputPaths = (
				"$(DERIVED_FILE_DIR)/Pods-YesterdayNewsTests-checkManifestLockResult.txt",
			);
			runOnlyForDeploymentPostprocessing = 0;
			shellPath = /bin/sh;
			shellScript = "diff \"${PODS_PODFILE_DIR_PATH}/Podfile.lock\" \"${PODS_ROOT}/Manifest.lock\" > /dev/null\nif [ $? != 0 ] ; then\n    # print error to STDERR\n    echo \"error: The sandbox is not in sync with the Podfile.lock. Run 'pod install' or update your CocoaPods installation.\" >&2\n    exit 1\nfi\n# This output is used by Xcode 'outputs' to avoid re-running this script phase.\necho \"SUCCESS\" > \"${SCRIPT_OUTPUT_FILE_0}\"\n";
			showEnvVarsInLog = 0;
		};
/* End PBXShellScriptBuildPhase section */

/* Begin PBXSourcesBuildPhase section */
		51C3ACFB226B0D1600EA3FD9 /* Sources */ = {
			isa = PBXSourcesBuildPhase;
			buildActionMask = 2147483647;
			files = (
				51D3C4B6228EF8F100197E89 /* User.m in Sources */,
				5144FADC226B581000101E22 /* UserInfoViewModel.m in Sources */,
				5144FAE9226B779800101E22 /* RecommendViewController.m in Sources */,
				24ED0A7F2296FE8A00F9814A /* SettingViewController.m in Sources */,
				24ED0A27227B602E00F9814A /* LoginViewController.m in Sources */,
				51B51D29227F4273007AA44B /* HotspotViewController.m in Sources */,
				51B51D452282B397007AA44B /* NewsDetailViewController.m in Sources */,
				5144FADA226B57FD00101E22 /* HomePageViewModel.m in Sources */,
				5144FAE5226B74C500101E22 /* PageViewController.m in Sources */,
				51B51D362281FAF8007AA44B /* TimeUtils.m in Sources */,
				24ED0A2A227B602E00F9814A /* SignupViewController.m in Sources */,
				24ED0A2B227B602E00F9814A /* ListViewController.m in Sources */,
				51B51D3F22829960007AA44B /* MultiImagesNews.m in Sources */,
				24ED0A28227B602E00F9814A /* UserInfoViewController.m in Sources */,
				51B51D302281D7CA007AA44B /* News.m in Sources */,
				5144FAEC226C31AD00101E22 /* HotspotViewController.m in Sources */,
				51B51D3D228298FB007AA44B /* SingleImageNews.m in Sources */,
				E79A7E9E2273F34300FB5F9D /* INotification.m in Sources */,
				51C3AD40226B140A00EA3FD9 /* HomePageViewController.m in Sources */,
				517F4FB9227ACA6100FE65B3 /* RecommendViewModel.m in Sources */,
				24ED0A7B229014F600F9814A /* ProfileViewController.m in Sources */,
				5144FADE226B582100101E22 /* MainPageViewModel.m in Sources */,
				51C3AD3A226B0EE700EA3FD9 /* MainPageViewController.m in Sources */,
				51C3AD12226B0D1B00EA3FD9 /* main.m in Sources */,
				51C3AD04226B0D1600EA3FD9 /* AppDelegate.m in Sources */,
				5180E9F9228997630093220B /* ImageCell.m in Sources */,
				24ED0A2C227B602E00F9814A /* UserTarBarViewController.m in Sources */,
				51E0DD762282D602008F037D /* ViewController.m in Sources */,
			);
			runOnlyForDeploymentPostprocessing = 0;
		};
		51C3AD13226B0D1B00EA3FD9 /* Sources */ = {
			isa = PBXSourcesBuildPhase;
			buildActionMask = 2147483647;
			files = (
				51C3AD1C226B0D1B00EA3FD9 /* YesterdayNewsTests.m in Sources */,
			);
			runOnlyForDeploymentPostprocessing = 0;
		};
		51C3AD1E226B0D1B00EA3FD9 /* Sources */ = {
			isa = PBXSourcesBuildPhase;
			buildActionMask = 2147483647;
			files = (
				51C3AD27226B0D1B00EA3FD9 /* YesterdayNewsUITests.m in Sources */,
			);
			runOnlyForDeploymentPostprocessing = 0;
		};
/* End PBXSourcesBuildPhase section */

/* Begin PBXTargetDependency section */
		51C3AD19226B0D1B00EA3FD9 /* PBXTargetDependency */ = {
			isa = PBXTargetDependency;
			target = 51C3ACFE226B0D1600EA3FD9 /* YesterdayNews */;
			targetProxy = 51C3AD18226B0D1B00EA3FD9 /* PBXContainerItemProxy */;
		};
		51C3AD24226B0D1B00EA3FD9 /* PBXTargetDependency */ = {
			isa = PBXTargetDependency;
			target = 51C3ACFE226B0D1600EA3FD9 /* YesterdayNews */;
			targetProxy = 51C3AD23226B0D1B00EA3FD9 /* PBXContainerItemProxy */;
		};
/* End PBXTargetDependency section */

/* Begin PBXVariantGroup section */
		51C3AD0D226B0D1B00EA3FD9 /* LaunchScreen.storyboard */ = {
			isa = PBXVariantGroup;
			children = (
				51C3AD0E226B0D1B00EA3FD9 /* Base */,
			);
			name = LaunchScreen.storyboard;
			sourceTree = "<group>";
		};
/* End PBXVariantGroup section */

/* Begin XCBuildConfiguration section */
		51C3AD29226B0D1B00EA3FD9 /* Debug */ = {
			isa = XCBuildConfiguration;
			buildSettings = {
				ALWAYS_SEARCH_USER_PATHS = NO;
				CLANG_ANALYZER_NONNULL = YES;
				CLANG_ANALYZER_NUMBER_OBJECT_CONVERSION = YES_AGGRESSIVE;
				CLANG_CXX_LANGUAGE_STANDARD = "gnu++14";
				CLANG_CXX_LIBRARY = "libc++";
				CLANG_ENABLE_MODULES = YES;
				CLANG_ENABLE_OBJC_ARC = YES;
				CLANG_ENABLE_OBJC_WEAK = YES;
				CLANG_WARN_BLOCK_CAPTURE_AUTORELEASING = YES;
				CLANG_WARN_BOOL_CONVERSION = YES;
				CLANG_WARN_COMMA = YES;
				CLANG_WARN_CONSTANT_CONVERSION = YES;
				CLANG_WARN_DEPRECATED_OBJC_IMPLEMENTATIONS = YES;
				CLANG_WARN_DIRECT_OBJC_ISA_USAGE = YES_ERROR;
				CLANG_WARN_DOCUMENTATION_COMMENTS = YES;
				CLANG_WARN_EMPTY_BODY = YES;
				CLANG_WARN_ENUM_CONVERSION = YES;
				CLANG_WARN_INFINITE_RECURSION = YES;
				CLANG_WARN_INT_CONVERSION = YES;
				CLANG_WARN_NON_LITERAL_NULL_CONVERSION = YES;
				CLANG_WARN_OBJC_IMPLICIT_RETAIN_SELF = YES;
				CLANG_WARN_OBJC_LITERAL_CONVERSION = YES;
				CLANG_WARN_OBJC_ROOT_CLASS = YES_ERROR;
				CLANG_WARN_RANGE_LOOP_ANALYSIS = YES;
				CLANG_WARN_STRICT_PROTOTYPES = YES;
				CLANG_WARN_SUSPICIOUS_MOVE = YES;
				CLANG_WARN_UNGUARDED_AVAILABILITY = YES_AGGRESSIVE;
				CLANG_WARN_UNREACHABLE_CODE = YES;
				CLANG_WARN__DUPLICATE_METHOD_MATCH = YES;
				CODE_SIGN_IDENTITY = "iPhone Developer";
				COPY_PHASE_STRIP = NO;
				DEBUG_INFORMATION_FORMAT = dwarf;
				ENABLE_STRICT_OBJC_MSGSEND = YES;
				ENABLE_TESTABILITY = YES;
				GCC_C_LANGUAGE_STANDARD = gnu11;
				GCC_DYNAMIC_NO_PIC = NO;
				GCC_NO_COMMON_BLOCKS = YES;
				GCC_OPTIMIZATION_LEVEL = 0;
				GCC_PREPROCESSOR_DEFINITIONS = (
					"DEBUG=1",
					"$(inherited)",
				);
				GCC_WARN_64_TO_32_BIT_CONVERSION = YES;
				GCC_WARN_ABOUT_RETURN_TYPE = YES_ERROR;
				GCC_WARN_UNDECLARED_SELECTOR = YES;
				GCC_WARN_UNINITIALIZED_AUTOS = YES_AGGRESSIVE;
				GCC_WARN_UNUSED_FUNCTION = YES;
				GCC_WARN_UNUSED_VARIABLE = YES;
				IPHONEOS_DEPLOYMENT_TARGET = 12.1;
				MTL_ENABLE_DEBUG_INFO = INCLUDE_SOURCE;
				MTL_FAST_MATH = YES;
				ONLY_ACTIVE_ARCH = YES;
				SDKROOT = iphoneos;
			};
			name = Debug;
		};
		51C3AD2A226B0D1B00EA3FD9 /* Release */ = {
			isa = XCBuildConfiguration;
			buildSettings = {
				ALWAYS_SEARCH_USER_PATHS = NO;
				CLANG_ANALYZER_NONNULL = YES;
				CLANG_ANALYZER_NUMBER_OBJECT_CONVERSION = YES_AGGRESSIVE;
				CLANG_CXX_LANGUAGE_STANDARD = "gnu++14";
				CLANG_CXX_LIBRARY = "libc++";
				CLANG_ENABLE_MODULES = YES;
				CLANG_ENABLE_OBJC_ARC = YES;
				CLANG_ENABLE_OBJC_WEAK = YES;
				CLANG_WARN_BLOCK_CAPTURE_AUTORELEASING = YES;
				CLANG_WARN_BOOL_CONVERSION = YES;
				CLANG_WARN_COMMA = YES;
				CLANG_WARN_CONSTANT_CONVERSION = YES;
				CLANG_WARN_DEPRECATED_OBJC_IMPLEMENTATIONS = YES;
				CLANG_WARN_DIRECT_OBJC_ISA_USAGE = YES_ERROR;
				CLANG_WARN_DOCUMENTATION_COMMENTS = YES;
				CLANG_WARN_EMPTY_BODY = YES;
				CLANG_WARN_ENUM_CONVERSION = YES;
				CLANG_WARN_INFINITE_RECURSION = YES;
				CLANG_WARN_INT_CONVERSION = YES;
				CLANG_WARN_NON_LITERAL_NULL_CONVERSION = YES;
				CLANG_WARN_OBJC_IMPLICIT_RETAIN_SELF = YES;
				CLANG_WARN_OBJC_LITERAL_CONVERSION = YES;
				CLANG_WARN_OBJC_ROOT_CLASS = YES_ERROR;
				CLANG_WARN_RANGE_LOOP_ANALYSIS = YES;
				CLANG_WARN_STRICT_PROTOTYPES = YES;
				CLANG_WARN_SUSPICIOUS_MOVE = YES;
				CLANG_WARN_UNGUARDED_AVAILABILITY = YES_AGGRESSIVE;
				CLANG_WARN_UNREACHABLE_CODE = YES;
				CLANG_WARN__DUPLICATE_METHOD_MATCH = YES;
				CODE_SIGN_IDENTITY = "iPhone Developer";
				COPY_PHASE_STRIP = NO;
				DEBUG_INFORMATION_FORMAT = "dwarf-with-dsym";
				ENABLE_NS_ASSERTIONS = NO;
				ENABLE_STRICT_OBJC_MSGSEND = YES;
				GCC_C_LANGUAGE_STANDARD = gnu11;
				GCC_NO_COMMON_BLOCKS = YES;
				GCC_WARN_64_TO_32_BIT_CONVERSION = YES;
				GCC_WARN_ABOUT_RETURN_TYPE = YES_ERROR;
				GCC_WARN_UNDECLARED_SELECTOR = YES;
				GCC_WARN_UNINITIALIZED_AUTOS = YES_AGGRESSIVE;
				GCC_WARN_UNUSED_FUNCTION = YES;
				GCC_WARN_UNUSED_VARIABLE = YES;
				IPHONEOS_DEPLOYMENT_TARGET = 12.1;
				MTL_ENABLE_DEBUG_INFO = NO;
				MTL_FAST_MATH = YES;
				SDKROOT = iphoneos;
				VALIDATE_PRODUCT = YES;
			};
			name = Release;
		};
		51C3AD2C226B0D1B00EA3FD9 /* Debug */ = {
			isa = XCBuildConfiguration;
			baseConfigurationReference = 8E8ADFFE286784EE7AD6AE06 /* Pods-YesterdayNews.debug.xcconfig */;
			buildSettings = {
				ASSETCATALOG_COMPILER_APPICON_NAME = AppIcon;
				CODE_SIGN_ENTITLEMENTS = YesterdayNews/YesterdayNews.entitlements;
				CODE_SIGN_STYLE = Automatic;
				DEVELOPMENT_TEAM = B768GGLAKW;
				INFOPLIST_FILE = YesterdayNews/Info.plist;
				LD_RUNPATH_SEARCH_PATHS = (
					"$(inherited)",
					"@executable_path/Frameworks",
				);
				PRODUCT_BUNDLE_IDENTIFIER = cookieschen.YesterdayNews;
				PRODUCT_NAME = "$(TARGET_NAME)";
				TARGETED_DEVICE_FAMILY = "1,2";
			};
			name = Debug;
		};
		51C3AD2D226B0D1B00EA3FD9 /* Release */ = {
			isa = XCBuildConfiguration;
			baseConfigurationReference = 7FEEE29897871650AE6FB86C /* Pods-YesterdayNews.release.xcconfig */;
			buildSettings = {
				ASSETCATALOG_COMPILER_APPICON_NAME = AppIcon;
				CODE_SIGN_ENTITLEMENTS = YesterdayNews/YesterdayNews.entitlements;
				CODE_SIGN_STYLE = Automatic;
				DEVELOPMENT_TEAM = B768GGLAKW;
				INFOPLIST_FILE = YesterdayNews/Info.plist;
				LD_RUNPATH_SEARCH_PATHS = (
					"$(inherited)",
					"@executable_path/Frameworks",
				);
				PRODUCT_BUNDLE_IDENTIFIER = cookieschen.YesterdayNews;
				PRODUCT_NAME = "$(TARGET_NAME)";
				TARGETED_DEVICE_FAMILY = "1,2";
			};
			name = Release;
		};
		51C3AD2F226B0D1B00EA3FD9 /* Debug */ = {
			isa = XCBuildConfiguration;
			baseConfigurationReference = A6121034484CFC8C4251811E /* Pods-YesterdayNewsTests.debug.xcconfig */;
			buildSettings = {
				BUNDLE_LOADER = "$(TEST_HOST)";
				CODE_SIGN_STYLE = Automatic;
				DEVELOPMENT_TEAM = B768GGLAKW;
				INFOPLIST_FILE = YesterdayNewsTests/Info.plist;
				LD_RUNPATH_SEARCH_PATHS = (
					"$(inherited)",
					"@executable_path/Frameworks",
					"@loader_path/Frameworks",
				);
				PRODUCT_BUNDLE_IDENTIFIER = cookieschen.YesterdayNewsTests;
				PRODUCT_NAME = "$(TARGET_NAME)";
				TARGETED_DEVICE_FAMILY = "1,2";
				TEST_HOST = "$(BUILT_PRODUCTS_DIR)/YesterdayNews.app/YesterdayNews";
			};
			name = Debug;
		};
		51C3AD30226B0D1B00EA3FD9 /* Release */ = {
			isa = XCBuildConfiguration;
			baseConfigurationReference = C40C061FF41A21E77B65E621 /* Pods-YesterdayNewsTests.release.xcconfig */;
			buildSettings = {
				BUNDLE_LOADER = "$(TEST_HOST)";
				CODE_SIGN_STYLE = Automatic;
				DEVELOPMENT_TEAM = B768GGLAKW;
				INFOPLIST_FILE = YesterdayNewsTests/Info.plist;
				LD_RUNPATH_SEARCH_PATHS = (
					"$(inherited)",
					"@executable_path/Frameworks",
					"@loader_path/Frameworks",
				);
				PRODUCT_BUNDLE_IDENTIFIER = cookieschen.YesterdayNewsTests;
				PRODUCT_NAME = "$(TARGET_NAME)";
				TARGETED_DEVICE_FAMILY = "1,2";
				TEST_HOST = "$(BUILT_PRODUCTS_DIR)/YesterdayNews.app/YesterdayNews";
			};
			name = Release;
		};
		51C3AD32226B0D1B00EA3FD9 /* Debug */ = {
			isa = XCBuildConfiguration;
			baseConfigurationReference = D2278CB1DAE72FEFB9926061 /* Pods-YesterdayNewsUITests.debug.xcconfig */;
			buildSettings = {
				CODE_SIGN_STYLE = Automatic;
				DEVELOPMENT_TEAM = B768GGLAKW;
				INFOPLIST_FILE = YesterdayNewsUITests/Info.plist;
				LD_RUNPATH_SEARCH_PATHS = (
					"$(inherited)",
					"@executable_path/Frameworks",
					"@loader_path/Frameworks",
				);
				PRODUCT_BUNDLE_IDENTIFIER = cookieschen.YesterdayNewsUITests;
				PRODUCT_NAME = "$(TARGET_NAME)";
				TARGETED_DEVICE_FAMILY = "1,2";
				TEST_TARGET_NAME = YesterdayNews;
			};
			name = Debug;
		};
		51C3AD33226B0D1B00EA3FD9 /* Release */ = {
			isa = XCBuildConfiguration;
			baseConfigurationReference = FBF26118C12B96AD20D47FD2 /* Pods-YesterdayNewsUITests.release.xcconfig */;
			buildSettings = {
				CODE_SIGN_STYLE = Automatic;
				DEVELOPMENT_TEAM = B768GGLAKW;
				INFOPLIST_FILE = YesterdayNewsUITests/Info.plist;
				LD_RUNPATH_SEARCH_PATHS = (
					"$(inherited)",
					"@executable_path/Frameworks",
					"@loader_path/Frameworks",
				);
				PRODUCT_BUNDLE_IDENTIFIER = cookieschen.YesterdayNewsUITests;
				PRODUCT_NAME = "$(TARGET_NAME)";
				TARGETED_DEVICE_FAMILY = "1,2";
				TEST_TARGET_NAME = YesterdayNews;
			};
			name = Release;
		};
/* End XCBuildConfiguration section */

/* Begin XCConfigurationList section */
		51C3ACFA226B0D1600EA3FD9 /* Build configuration list for PBXProject "YesterdayNews" */ = {
			isa = XCConfigurationList;
			buildConfigurations = (
				51C3AD29226B0D1B00EA3FD9 /* Debug */,
				51C3AD2A226B0D1B00EA3FD9 /* Release */,
			);
			defaultConfigurationIsVisible = 0;
			defaultConfigurationName = Release;
		};
		51C3AD2B226B0D1B00EA3FD9 /* Build configuration list for PBXNativeTarget "YesterdayNews" */ = {
			isa = XCConfigurationList;
			buildConfigurations = (
				51C3AD2C226B0D1B00EA3FD9 /* Debug */,
				51C3AD2D226B0D1B00EA3FD9 /* Release */,
			);
			defaultConfigurationIsVisible = 0;
			defaultConfigurationName = Release;
		};
		51C3AD2E226B0D1B00EA3FD9 /* Build configuration list for PBXNativeTarget "YesterdayNewsTests" */ = {
			isa = XCConfigurationList;
			buildConfigurations = (
				51C3AD2F226B0D1B00EA3FD9 /* Debug */,
				51C3AD30226B0D1B00EA3FD9 /* Release */,
			);
			defaultConfigurationIsVisible = 0;
			defaultConfigurationName = Release;
		};
		51C3AD31226B0D1B00EA3FD9 /* Build configuration list for PBXNativeTarget "YesterdayNewsUITests" */ = {
			isa = XCConfigurationList;
			buildConfigurations = (
				51C3AD32226B0D1B00EA3FD9 /* Debug */,
				51C3AD33226B0D1B00EA3FD9 /* Release */,
			);
			defaultConfigurationIsVisible = 0;
			defaultConfigurationName = Release;
		};
/* End XCConfigurationList section */
	};
	rootObject = 51C3ACF7226B0D1600EA3FD9 /* Project object */;
}
